
Microsoft Visual Studio Solution File, Format Version 12.00
# Visual Studio Version 17
VisualStudioVersion = 17.0.32014.148
MinimumVisualStudioVersion = 10.0.40219.1
Project("{FAE04EC0-301F-11D3-BF4B-00C04F79EFBC}") = "Lab_3(5 Var)", "Lab_3(5 Var)\Lab_3(5 Var).csproj", "{4FCD80FE-8E52-4EB2-838F-902F4C91C3F6}"
EndProject
Global
	GlobalSection(SolutionConfigurationPlatforms) = preSolution
		Debug|Any CPU = Debug|Any CPU
		Release|Any CPU = Release|Any CPU
	EndGlobalSection
	GlobalSection(ProjectConfigurationPlatforms) = postSolution
		{4FCD80FE-8E52-4EB2-838F-902F4C91C3F6}.Debug|Any CPU.ActiveCfg = Debug|Any CPU
		{4FCD80FE-8E52-4EB2-838F-902F4C91C3F6}.Debug|Any CPU.Build.0 = Debug|Any CPU
		{4FCD80FE-8E52-4EB2-838F-902F4C91C3F6}.Release|Any CPU.ActiveCfg = Release|Any CPU
		{4FCD80FE-8E52-4EB2-838F-902F4C91C3F6}.Release|Any CPU.Build.0 = Release|Any CPU
	EndGlobalSection
	GlobalSection(SolutionProperties) = preSolution
		HideSolutionNode = FALSE
	EndGlobalSection
	GlobalSection(ExtensibilityGlobals) = postSolution
		SolutionGuid = {29961409-3012-4E55-B1A7-4A3B809AA8C7}
	EndGlobalSection
EndGlobal
